
Microsoft Visual Studio Solution File, Format Version 12.00
# Visual Studio Version 17
VisualStudioVersion = 17.8.34330.188
MinimumVisualStudioVersion = 10.0.40219.1
Project("{FAE04EC0-301F-11D3-BF4B-00C04F79EFBC}") = "Extensions", "Extensions\Extensions.csproj", "{F5647169-A27F-487E-8C3B-E2ED1F522F61}"
EndProject
Global
	GlobalSection(SolutionConfigurationPlatforms) = preSolution
		Debug|Any CPU = Debug|Any CPU
		Release|Any CPU = Release|Any CPU
	EndGlobalSection
	GlobalSection(ProjectConfigurationPlatforms) = postSolution
		{F5647169-A27F-487E-8C3B-E2ED1F522F61}.Debug|Any CPU.ActiveCfg = Debug|Any CPU
		{F5647169-A27F-487E-8C3B-E2ED1F522F61}.Debug|Any CPU.Build.0 = Debug|Any CPU
		{F5647169-A27F-487E-8C3B-E2ED1F522F61}.Release|Any CPU.ActiveCfg = Release|Any CPU
		{F5647169-A27F-487E-8C3B-E2ED1F522F61}.Release|Any CPU.Build.0 = Release|Any CPU
	EndGlobalSection
	GlobalSection(SolutionProperties) = preSolution
		HideSolutionNode = FALSE
	EndGlobalSection
	GlobalSection(ExtensibilityGlobals) = postSolution
		SolutionGuid = {F716DC9D-717D-4050-98C4-CA0597DD73E1}
	EndGlobalSection
EndGlobal
